{
  "version": 4,
  "terraform_version": "1.5.7",
  "serial": 82,
  "lineage": "f453ba33-8256-7543-068a-5ee7ef4b0d2f",
  "outputs": {
    "application_summary": {
      "value": {
        "architecture": "Serverless (Lambda + API Gateway)",
        "cost_estimate": "$1.11/month for 1M requests",
        "endpoints": {
          "health": "GET /health → Returns health status",
          "hello": "GET /hello → Returns 'OK'",
          "root": "GET / → Returns API information"
        },
        "region": "ap-southeast-2"
      },
      "type": [
        "object",
        {
          "architecture": "string",
          "cost_estimate": "string",
          "endpoints": [
            "object",
            {
              "health": "string",
              "hello": "string",
              "root": "string"
            }
          ],
          "region": "string"
        }
      ]
    },
    "application_url": {
      "value": "https://snp07vtku6.execute-api.ap-southeast-2.amazonaws.com",
      "type": "string"
    },
    "health_endpoint": {
      "value": "https://snp07vtku6.execute-api.ap-southeast-2.amazonaws.com/health",
      "type": "string"
    },
    "hello_endpoint": {
      "value": "https://snp07vtku6.execute-api.ap-southeast-2.amazonaws.com/hello",
      "type": "string"
    }
  },
  "resources": [
    {
      "mode": "data",
      "type": "archive_file",
      "name": "lambda_zip",
      "provider": "provider[\"registry.terraform.io/hashicorp/archive\"]",
      "instances": [
        {
          "schema_version": 0,
          "attributes": {
            "exclude_symlink_directories": null,
            "excludes": null,
            "id": "4ac7d3d2e70041d8298cfe46b9bfb52980418741",
            "output_base64sha256": "p8u380BLPPQad5THTXFsQC9I37JnsvsXd007kO4VJs0=",
            "output_base64sha512": "K9oXtyDHUY/4yLa3RHzM1uf7WYMQp6KtOoxuEvBzg7PI6JuTRsVq2CzwJ/T6Pp8UsGPP2o23RIfz717WLSgdDA==",
            "output_file_mode": null,
            "output_md5": "bb903e7a9f75c4da483acd7ef00bd575",
            "output_path": "./lambda.zip",
            "output_sha": "4ac7d3d2e70041d8298cfe46b9bfb52980418741",
            "output_sha256": "a7cbb7f3404b3cf41a7794c74d716c402f48dfb267b2fb17774d3b90ee1526cd",
            "output_sha512": "2bda17b720c7518ff8c8b6b7447cccd6e7fb598310a7a2ad3a8c6e12f07383b3c8e89b9346c56ad82cf027f4fa3e9f14b063cfda8db74487f3ef5ed62d281d0c",
            "output_size": 1439,
            "source": [],
            "source_content": null,
            "source_content_filename": null,
            "source_dir": null,
            "source_file": "./../src/lambda.js",
            "type": "zip"
          },
          "sensitive_attributes": []
        }
      ]
    },
    {
      "mode": "data",
      "type": "aws_caller_identity",
      "name": "current",
      "provider": "provider[\"registry.terraform.io/hashicorp/aws\"]",
      "instances": [
        {
          "schema_version": 0,
          "attributes": {
            "account_id": "817381730739",
            "arn": "arn:aws:iam::817381730739:user/admin",
            "id": "817381730739",
            "user_id": "AIDA34T57NGZUW5RVY2TJ"
          },
          "sensitive_attributes": []
        }
      ]
    },
    {
      "mode": "data",
      "type": "aws_region",
      "name": "current",
      "provider": "provider[\"registry.terraform.io/hashicorp/aws\"]",
      "instances": [
        {
          "schema_version": 0,
          "attributes": {
            "description": "Asia Pacific (Sydney)",
            "endpoint": "ec2.ap-southeast-2.amazonaws.com",
            "id": "ap-southeast-2",
            "name": "ap-southeast-2"
          },
          "sensitive_attributes": []
        }
      ]
    },
    {
      "mode": "managed",
      "type": "aws_apigatewayv2_api",
      "name": "main",
      "provider": "provider[\"registry.terraform.io/hashicorp/aws\"]",
      "instances": [
        {
          "schema_version": 0,
          "attributes": {
            "api_endpoint": "https://snp07vtku6.execute-api.ap-southeast-2.amazonaws.com",
            "api_key_selection_expression": "$request.header.x-api-key",
            "arn": "arn:aws:apigateway:ap-southeast-2::/apis/snp07vtku6",
            "body": null,
            "cors_configuration": [
              {
                "allow_credentials": false,
                "allow_headers": [],
                "allow_methods": [
                  "GET",
                  "OPTIONS"
                ],
                "allow_origins": [
                  "*"
                ],
                "expose_headers": [],
                "max_age": 0
              }
            ],
            "credentials_arn": null,
            "description": "HelloHexa DevOps Test API",
            "disable_execute_api_endpoint": false,
            "execution_arn": "arn:aws:execute-api:ap-southeast-2:817381730739:snp07vtku6",
            "fail_on_warnings": null,
            "id": "snp07vtku6",
            "ip_address_type": "ipv4",
            "name": "hellohexa-dev-api",
            "protocol_type": "HTTP",
            "route_key": null,
            "route_selection_expression": "$request.method $request.path",
            "tags": {
              "Environment": "dev",
              "ManagedBy": "Terraform",
              "Name": "hellohexa-dev-api-gateway",
              "Project": "HelloHexa DevOps Test"
            },
            "tags_all": {
              "Environment": "dev",
              "ManagedBy": "Terraform",
              "Name": "hellohexa-dev-api-gateway",
              "Project": "HelloHexa DevOps Test"
            },
            "target": null,
            "version": ""
          },
          "sensitive_attributes": [],
          "private": "bnVsbA=="
        }
      ]
    },
    {
      "mode": "managed",
      "type": "aws_apigatewayv2_integration",
      "name": "lambda",
      "provider": "provider[\"registry.terraform.io/hashicorp/aws\"]",
      "instances": [
        {
          "schema_version": 0,
          "attributes": {
            "api_id": "snp07vtku6",
            "connection_id": "",
            "connection_type": "INTERNET",
            "content_handling_strategy": "",
            "credentials_arn": "",
            "description": "",
            "id": "91r4z2d",
            "integration_method": "POST",
            "integration_response_selection_expression": "",
            "integration_subtype": "",
            "integration_type": "AWS_PROXY",
            "integration_uri": "arn:aws:apigateway:ap-southeast-2:lambda:path/2015-03-31/functions/arn:aws:lambda:ap-southeast-2:817381730739:function:hellohexa-dev-app/invocations",
            "passthrough_behavior": "",
            "payload_format_version": "2.0",
            "request_parameters": {},
            "request_templates": {},
            "response_parameters": [],
            "template_selection_expression": "",
            "timeout_milliseconds": 30000,
            "tls_config": []
          },
          "sensitive_attributes": [],
          "private": "bnVsbA==",
          "dependencies": [
            "aws_apigatewayv2_api.main",
            "aws_cloudwatch_log_group.lambda_logs",
            "aws_iam_role.lambda_role",
            "aws_iam_role_policy_attachment.lambda_basic",
            "aws_lambda_function.app",
            "data.archive_file.lambda_zip"
          ]
        }
      ]
    },
    {
      "mode": "managed",
      "type": "aws_apigatewayv2_route",
      "name": "default",
      "provider": "provider[\"registry.terraform.io/hashicorp/aws\"]",
      "instances": [
        {
          "schema_version": 0,
          "attributes": {
            "api_id": "snp07vtku6",
            "api_key_required": false,
            "authorization_scopes": [],
            "authorization_type": "NONE",
            "authorizer_id": "",
            "id": "uepwi2g",
            "model_selection_expression": "",
            "operation_name": "",
            "request_models": {},
            "request_parameter": [],
            "route_key": "$default",
            "route_response_selection_expression": "",
            "target": "integrations/91r4z2d"
          },
          "sensitive_attributes": [],
          "private": "bnVsbA==",
          "dependencies": [
            "aws_apigatewayv2_api.main",
            "aws_apigatewayv2_integration.lambda",
            "aws_cloudwatch_log_group.lambda_logs",
            "aws_iam_role.lambda_role",
            "aws_iam_role_policy_attachment.lambda_basic",
            "aws_lambda_function.app",
            "data.archive_file.lambda_zip"
          ]
        }
      ]
    },
    {
      "mode": "managed",
      "type": "aws_apigatewayv2_route",
      "name": "hello",
      "provider": "provider[\"registry.terraform.io/hashicorp/aws\"]",
      "instances": [
        {
          "schema_version": 0,
          "attributes": {
            "api_id": "snp07vtku6",
            "api_key_required": false,
            "authorization_scopes": [],
            "authorization_type": "NONE",
            "authorizer_id": "",
            "id": "6zxrc0f",
            "model_selection_expression": "",
            "operation_name": "",
            "request_models": {},
            "request_parameter": [],
            "route_key": "GET /hello",
            "route_response_selection_expression": "",
            "target": "integrations/91r4z2d"
          },
          "sensitive_attributes": [],
          "private": "bnVsbA==",
          "dependencies": [
            "aws_apigatewayv2_api.main",
            "aws_apigatewayv2_integration.lambda",
            "aws_cloudwatch_log_group.lambda_logs",
            "aws_iam_role.lambda_role",
            "aws_iam_role_policy_attachment.lambda_basic",
            "aws_lambda_function.app",
            "data.archive_file.lambda_zip"
          ]
        }
      ]
    },
    {
      "mode": "managed",
      "type": "aws_apigatewayv2_stage",
      "name": "main",
      "provider": "provider[\"registry.terraform.io/hashicorp/aws\"]",
      "instances": [
        {
          "schema_version": 0,
          "attributes": {
            "access_log_settings": [],
            "api_id": "snp07vtku6",
            "arn": "arn:aws:apigateway:ap-southeast-2::/apis/snp07vtku6/stages/$default",
            "auto_deploy": true,
            "client_certificate_id": "",
            "default_route_settings": [
              {
                "data_trace_enabled": false,
                "detailed_metrics_enabled": false,
                "logging_level": "",
                "throttling_burst_limit": 0,
                "throttling_rate_limit": 0
              }
            ],
            "deployment_id": "",
            "description": "",
            "execution_arn": "arn:aws:execute-api:ap-southeast-2:817381730739:snp07vtku6/$default",
            "id": "$default",
            "invoke_url": "https://snp07vtku6.execute-api.ap-southeast-2.amazonaws.com/",
            "name": "$default",
            "route_settings": [],
            "stage_variables": null,
            "tags": {
              "Environment": "dev",
              "ManagedBy": "Terraform",
              "Name": "hellohexa-dev-api-stage",
              "Project": "HelloHexa DevOps Test"
            },
            "tags_all": {
              "Environment": "dev",
              "ManagedBy": "Terraform",
              "Name": "hellohexa-dev-api-stage",
              "Project": "HelloHexa DevOps Test"
            }
          },
          "sensitive_attributes": [],
          "private": "bnVsbA==",
          "dependencies": [
            "aws_apigatewayv2_api.main"
          ]
        }
      ]
    },
    {
      "mode": "managed",
      "type": "aws_cloudwatch_log_group",
      "name": "lambda_logs",
      "provider": "provider[\"registry.terraform.io/hashicorp/aws\"]",
      "instances": [
        {
          "schema_version": 0,
          "attributes": {
            "arn": "arn:aws:logs:ap-southeast-2:817381730739:log-group:/aws/lambda/hellohexa-dev-app",
            "id": "/aws/lambda/hellohexa-dev-app",
            "kms_key_id": "",
            "log_group_class": "STANDARD",
            "name": "/aws/lambda/hellohexa-dev-app",
            "name_prefix": "",
            "retention_in_days": 7,
            "skip_destroy": false,
            "tags": {
              "Environment": "dev",
              "ManagedBy": "Terraform",
              "Name": "hellohexa-dev-lambda-logs",
              "Project": "HelloHexa DevOps Test"
            },
            "tags_all": {
              "Environment": "dev",
              "ManagedBy": "Terraform",
              "Name": "hellohexa-dev-lambda-logs",
              "Project": "HelloHexa DevOps Test"
            }
          },
          "sensitive_attributes": [],
          "private": "bnVsbA=="
        }
      ]
    },
    {
      "mode": "managed",
      "type": "aws_iam_role",
      "name": "lambda_role",
      "provider": "provider[\"registry.terraform.io/hashicorp/aws\"]",
      "instances": [
        {
          "schema_version": 0,
          "attributes": {
            "arn": "arn:aws:iam::817381730739:role/hellohexa-dev-lambda-20250622105008649900000001",
            "assume_role_policy": "{\"Statement\":[{\"Action\":\"sts:AssumeRole\",\"Effect\":\"Allow\",\"Principal\":{\"Service\":\"lambda.amazonaws.com\"}}],\"Version\":\"2012-10-17\"}",
            "create_date": "2025-06-22T10:50:09Z",
            "description": "",
            "force_detach_policies": false,
            "id": "hellohexa-dev-lambda-20250622105008649900000001",
            "inline_policy": [],
            "managed_policy_arns": [
              "arn:aws:iam::817381730739:policy/hellohexa-dev-lambda-ssm",
              "arn:aws:iam::aws:policy/service-role/AWSLambdaBasicExecutionRole"
            ],
            "max_session_duration": 3600,
            "name": "hellohexa-dev-lambda-20250622105008649900000001",
            "name_prefix": "hellohexa-dev-lambda-",
            "path": "/",
            "permissions_boundary": "",
            "tags": {
              "Environment": "dev",
              "ManagedBy": "Terraform",
              "Name": "hellohexa-dev-lambda-role",
              "Project": "HelloHexa DevOps Test"
            },
            "tags_all": {
              "Environment": "dev",
              "ManagedBy": "Terraform",
              "Name": "hellohexa-dev-lambda-role",
              "Project": "HelloHexa DevOps Test"
            },
            "unique_id": "AROA34T57NGZ22T424SDQ"
          },
          "sensitive_attributes": [],
          "private": "bnVsbA=="
        }
      ]
    },
    {
      "mode": "managed",
      "type": "aws_iam_role_policy_attachment",
      "name": "lambda_basic",
      "provider": "provider[\"registry.terraform.io/hashicorp/aws\"]",
      "instances": [
        {
          "schema_version": 0,
          "attributes": {
            "id": "hellohexa-dev-lambda-20250622105008649900000001-20250622105010671600000002",
            "policy_arn": "arn:aws:iam::aws:policy/service-role/AWSLambdaBasicExecutionRole",
            "role": "hellohexa-dev-lambda-20250622105008649900000001"
          },
          "sensitive_attributes": [],
          "private": "bnVsbA==",
          "dependencies": [
            "aws_iam_role.lambda_role"
          ]
        }
      ]
    },
    {
      "mode": "managed",
      "type": "aws_lambda_function",
      "name": "app",
      "provider": "provider[\"registry.terraform.io/hashicorp/aws\"]",
      "instances": [
        {
          "schema_version": 0,
          "attributes": {
            "architectures": [
              "x86_64"
            ],
            "arn": "arn:aws:lambda:ap-southeast-2:817381730739:function:hellohexa-dev-app",
            "code_sha256": "p8u380BLPPQad5THTXFsQC9I37JnsvsXd007kO4VJs0=",
            "code_signing_config_arn": "",
            "dead_letter_config": [],
            "description": "",
            "environment": [
              {
                "variables": {
                  "NODE_ENV": "production",
                  "VERSION": "1.0.0"
                }
              }
            ],
            "ephemeral_storage": [
              {
                "size": 512
              }
            ],
            "file_system_config": [],
            "filename": "./lambda.zip",
            "function_name": "hellohexa-dev-app",
            "handler": "lambda.handler",
            "id": "hellohexa-dev-app",
            "image_config": [],
            "image_uri": "",
            "invoke_arn": "arn:aws:apigateway:ap-southeast-2:lambda:path/2015-03-31/functions/arn:aws:lambda:ap-southeast-2:817381730739:function:hellohexa-dev-app/invocations",
            "kms_key_arn": "",
            "last_modified": "2025-06-22T11:54:00.000+0000",
            "layers": [],
            "logging_config": [
              {
                "application_log_level": "",
                "log_format": "Text",
                "log_group": "/aws/lambda/hellohexa-dev-app",
                "system_log_level": ""
              }
            ],
            "memory_size": 128,
            "package_type": "Zip",
            "publish": false,
            "qualified_arn": "arn:aws:lambda:ap-southeast-2:817381730739:function:hellohexa-dev-app:$LATEST",
            "qualified_invoke_arn": "arn:aws:apigateway:ap-southeast-2:lambda:path/2015-03-31/functions/arn:aws:lambda:ap-southeast-2:817381730739:function:hellohexa-dev-app:$LATEST/invocations",
            "replace_security_groups_on_destroy": null,
            "replacement_security_group_ids": null,
            "reserved_concurrent_executions": -1,
            "role": "arn:aws:iam::817381730739:role/hellohexa-dev-lambda-20250622105008649900000001",
            "runtime": "nodejs18.x",
            "s3_bucket": null,
            "s3_key": null,
            "s3_object_version": null,
            "signing_job_arn": "",
            "signing_profile_version_arn": "",
            "skip_destroy": false,
            "snap_start": [],
            "source_code_hash": "p8u380BLPPQad5THTXFsQC9I37JnsvsXd007kO4VJs0=",
            "source_code_size": 1439,
            "tags": {
              "Environment": "dev",
              "ManagedBy": "Terraform",
              "Name": "hellohexa-dev-lambda",
              "Project": "HelloHexa DevOps Test"
            },
            "tags_all": {
              "Environment": "dev",
              "ManagedBy": "Terraform",
              "Name": "hellohexa-dev-lambda",
              "Project": "HelloHexa DevOps Test"
            },
            "timeout": 30,
            "timeouts": null,
            "tracing_config": [
              {
                "mode": "PassThrough"
              }
            ],
            "version": "$LATEST",
            "vpc_config": []
          },
          "sensitive_attributes": [],
          "private": "eyJlMmJmYjczMC1lY2FhLTExZTYtOGY4OC0zNDM2M2JjN2M0YzAiOnsiY3JlYXRlIjo2MDAwMDAwMDAwMDAsImRlbGV0ZSI6NjAwMDAwMDAwMDAwLCJ1cGRhdGUiOjYwMDAwMDAwMDAwMH19",
          "dependencies": [
            "aws_cloudwatch_log_group.lambda_logs",
            "aws_iam_role.lambda_role",
            "aws_iam_role_policy_attachment.lambda_basic",
            "data.archive_file.lambda_zip"
          ]
        }
      ]
    },
    {
      "mode": "managed",
      "type": "aws_lambda_permission",
      "name": "api_gateway",
      "provider": "provider[\"registry.terraform.io/hashicorp/aws\"]",
      "instances": [
        {
          "schema_version": 0,
          "attributes": {
            "action": "lambda:InvokeFunction",
            "event_source_token": null,
            "function_name": "hellohexa-dev-app",
            "function_url_auth_type": null,
            "id": "AllowExecutionFromAPIGateway",
            "principal": "apigateway.amazonaws.com",
            "principal_org_id": null,
            "qualifier": "",
            "source_account": null,
            "source_arn": "arn:aws:execute-api:ap-southeast-2:817381730739:snp07vtku6/*/*",
            "statement_id": "AllowExecutionFromAPIGateway",
            "statement_id_prefix": ""
          },
          "sensitive_attributes": [],
          "private": "bnVsbA==",
          "dependencies": [
            "aws_apigatewayv2_api.main",
            "aws_cloudwatch_log_group.lambda_logs",
            "aws_iam_role.lambda_role",
            "aws_iam_role_policy_attachment.lambda_basic",
            "aws_lambda_function.app",
            "data.archive_file.lambda_zip"
          ]
        }
      ]
    }
  ],
  "check_results": null
}
